
Microsoft Visual Studio Solution File, Format Version 12.00
# Visual Studio 14
VisualStudioVersion = 14.0.25420.1
MinimumVisualStudioVersion = 10.0.40219.1
Project("{FAE04EC0-301F-11D3-BF4B-00C04F79EFBC}") = "GameServer", "GameServer\GameServer.csproj", "{1BEC9F6E-BE3F-4C3B-BC7B-B83747A76BD1}"
	ProjectSection(ProjectDependencies) = postProject
		{6F25B384-E232-4E9F-959C-0EA204986B49} = {6F25B384-E232-4E9F-959C-0EA204986B49}
	EndProjectSection
EndProject
Project("{FAE04EC0-301F-11D3-BF4B-00C04F79EFBC}") = "GameClient", "GameClient\GameClient\GameClient.csproj", "{6F25B384-E232-4E9F-959C-0EA204986B49}"
EndProject
Project("{FAE04EC0-301F-11D3-BF4B-00C04F79EFBC}") = "Core", "Core\Core.csproj", "{0EE8B9A2-7341-4C15-9D4D-8C249E204AD2}"
EndProject
Project("{FAE04EC0-301F-11D3-BF4B-00C04F79EFBC}") = "ServerASP", "ServerASP\ServerASP.csproj", "{DAD83C87-3753-47F7-A66D-77279E5BCEF9}"
EndProject
Global
	GlobalSection(SolutionConfigurationPlatforms) = preSolution
		Debug|Any CPU = Debug|Any CPU
		Release|Any CPU = Release|Any CPU
	EndGlobalSection
	GlobalSection(ProjectConfigurationPlatforms) = postSolution
		{1BEC9F6E-BE3F-4C3B-BC7B-B83747A76BD1}.Debug|Any CPU.ActiveCfg = Debug|Any CPU
		{1BEC9F6E-BE3F-4C3B-BC7B-B83747A76BD1}.Debug|Any CPU.Build.0 = Debug|Any CPU
		{1BEC9F6E-BE3F-4C3B-BC7B-B83747A76BD1}.Release|Any CPU.ActiveCfg = Release|Any CPU
		{1BEC9F6E-BE3F-4C3B-BC7B-B83747A76BD1}.Release|Any CPU.Build.0 = Release|Any CPU
		{6F25B384-E232-4E9F-959C-0EA204986B49}.Debug|Any CPU.ActiveCfg = Debug|Any CPU
		{6F25B384-E232-4E9F-959C-0EA204986B49}.Debug|Any CPU.Build.0 = Debug|Any CPU
		{6F25B384-E232-4E9F-959C-0EA204986B49}.Release|Any CPU.ActiveCfg = Release|Any CPU
		{6F25B384-E232-4E9F-959C-0EA204986B49}.Release|Any CPU.Build.0 = Release|Any CPU
		{0EE8B9A2-7341-4C15-9D4D-8C249E204AD2}.Debug|Any CPU.ActiveCfg = Debug|Any CPU
		{0EE8B9A2-7341-4C15-9D4D-8C249E204AD2}.Debug|Any CPU.Build.0 = Debug|Any CPU
		{0EE8B9A2-7341-4C15-9D4D-8C249E204AD2}.Release|Any CPU.ActiveCfg = Release|Any CPU
		{0EE8B9A2-7341-4C15-9D4D-8C249E204AD2}.Release|Any CPU.Build.0 = Release|Any CPU
		{DAD83C87-3753-47F7-A66D-77279E5BCEF9}.Debug|Any CPU.ActiveCfg = Debug|Any CPU
		{DAD83C87-3753-47F7-A66D-77279E5BCEF9}.Debug|Any CPU.Build.0 = Debug|Any CPU
		{DAD83C87-3753-47F7-A66D-77279E5BCEF9}.Release|Any CPU.ActiveCfg = Release|Any CPU
		{DAD83C87-3753-47F7-A66D-77279E5BCEF9}.Release|Any CPU.Build.0 = Release|Any CPU
	EndGlobalSection
	GlobalSection(SolutionProperties) = preSolution
		HideSolutionNode = FALSE
	EndGlobalSection
EndGlobal
